
Microsoft Visual Studio Solution File, Format Version 12.00
# Visual Studio 2013
VisualStudioVersion = 12.0.31101.0
MinimumVisualStudioVersion = 10.0.40219.1
Project("{8BC9CEB8-8B4A-11D0-8D11-00A0C91BC942}") = "Core", "Core\Core.vcxproj", "{8D072911-C602-4EBC-BCBA-C24F2E4CF0B5}"
	ProjectSection(ProjectDependencies) = postProject
		{2955B24C-73CC-43B6-BDC8-6E21B508A730} = {2955B24C-73CC-43B6-BDC8-6E21B508A730}
	EndProjectSection
EndProject
Project("{8BC9CEB8-8B4A-11D0-8D11-00A0C91BC942}") = "Graphics", "Graphics\Graphics.vcxproj", "{2A553727-FC25-4E70-9EF8-AC48D9F6D13D}"
	ProjectSection(ProjectDependencies) = postProject
		{8D072911-C602-4EBC-BCBA-C24F2E4CF0B5} = {8D072911-C602-4EBC-BCBA-C24F2E4CF0B5}
		{FF34D337-1864-4533-9D4F-513CDE27BCCA} = {FF34D337-1864-4533-9D4F-513CDE27BCCA}
		{2955B24C-73CC-43B6-BDC8-6E21B508A730} = {2955B24C-73CC-43B6-BDC8-6E21B508A730}
		{233BD7E0-E61B-42BC-B52B-E1F4439C2AEA} = {233BD7E0-E61B-42BC-B52B-E1F4439C2AEA}
	EndProjectSection
EndProject
Project("{8BC9CEB8-8B4A-11D0-8D11-00A0C91BC942}") = "Logic", "Logic\Logic.vcxproj", "{664FD1F6-0067-4919-96A1-500B3954A200}"
	ProjectSection(ProjectDependencies) = postProject
		{8D072911-C602-4EBC-BCBA-C24F2E4CF0B5} = {8D072911-C602-4EBC-BCBA-C24F2E4CF0B5}
		{2A553727-FC25-4E70-9EF8-AC48D9F6D13D} = {2A553727-FC25-4E70-9EF8-AC48D9F6D13D}
		{FF34D337-1864-4533-9D4F-513CDE27BCCA} = {FF34D337-1864-4533-9D4F-513CDE27BCCA}
		{2955B24C-73CC-43B6-BDC8-6E21B508A730} = {2955B24C-73CC-43B6-BDC8-6E21B508A730}
		{5D880097-1C22-471C-BC1F-C3C689ABEDAA} = {5D880097-1C22-471C-BC1F-C3C689ABEDAA}
		{233BD7E0-E61B-42BC-B52B-E1F4439C2AEA} = {233BD7E0-E61B-42BC-B52B-E1F4439C2AEA}
	EndProjectSection
EndProject
Project("{8BC9CEB8-8B4A-11D0-8D11-00A0C91BC942}") = "Window", "Window\Window.vcxproj", "{233BD7E0-E61B-42BC-B52B-E1F4439C2AEA}"
	ProjectSection(ProjectDependencies) = postProject
		{8D072911-C602-4EBC-BCBA-C24F2E4CF0B5} = {8D072911-C602-4EBC-BCBA-C24F2E4CF0B5}
		{FF34D337-1864-4533-9D4F-513CDE27BCCA} = {FF34D337-1864-4533-9D4F-513CDE27BCCA}
		{2955B24C-73CC-43B6-BDC8-6E21B508A730} = {2955B24C-73CC-43B6-BDC8-6E21B508A730}
	EndProjectSection
EndProject
Project("{8BC9CEB8-8B4A-11D0-8D11-00A0C91BC942}") = "Input", "Input\Input.vcxproj", "{5D880097-1C22-471C-BC1F-C3C689ABEDAA}"
	ProjectSection(ProjectDependencies) = postProject
		{8D072911-C602-4EBC-BCBA-C24F2E4CF0B5} = {8D072911-C602-4EBC-BCBA-C24F2E4CF0B5}
		{FF34D337-1864-4533-9D4F-513CDE27BCCA} = {FF34D337-1864-4533-9D4F-513CDE27BCCA}
		{2955B24C-73CC-43B6-BDC8-6E21B508A730} = {2955B24C-73CC-43B6-BDC8-6E21B508A730}
		{233BD7E0-E61B-42BC-B52B-E1F4439C2AEA} = {233BD7E0-E61B-42BC-B52B-E1F4439C2AEA}
	EndProjectSection
EndProject
Project("{8BC9CEB8-8B4A-11D0-8D11-00A0C91BC942}") = "Messaging", "Messaging\Messaging.vcxproj", "{FF34D337-1864-4533-9D4F-513CDE27BCCA}"
	ProjectSection(ProjectDependencies) = postProject
		{8D072911-C602-4EBC-BCBA-C24F2E4CF0B5} = {8D072911-C602-4EBC-BCBA-C24F2E4CF0B5}
		{2955B24C-73CC-43B6-BDC8-6E21B508A730} = {2955B24C-73CC-43B6-BDC8-6E21B508A730}
	EndProjectSection
EndProject
Project("{8BC9CEB8-8B4A-11D0-8D11-00A0C91BC942}") = "Math", "Math\Math.vcxproj", "{2955B24C-73CC-43B6-BDC8-6E21B508A730}"
EndProject
Global
	GlobalSection(SolutionConfigurationPlatforms) = preSolution
		Debug|Win32 = Debug|Win32
		Release|Win32 = Release|Win32
	EndGlobalSection
	GlobalSection(ProjectConfigurationPlatforms) = postSolution
		{8D072911-C602-4EBC-BCBA-C24F2E4CF0B5}.Debug|Win32.ActiveCfg = Debug|Win32
		{8D072911-C602-4EBC-BCBA-C24F2E4CF0B5}.Debug|Win32.Build.0 = Debug|Win32
		{8D072911-C602-4EBC-BCBA-C24F2E4CF0B5}.Release|Win32.ActiveCfg = Release|Win32
		{8D072911-C602-4EBC-BCBA-C24F2E4CF0B5}.Release|Win32.Build.0 = Release|Win32
		{2A553727-FC25-4E70-9EF8-AC48D9F6D13D}.Debug|Win32.ActiveCfg = Debug|Win32
		{2A553727-FC25-4E70-9EF8-AC48D9F6D13D}.Debug|Win32.Build.0 = Debug|Win32
		{2A553727-FC25-4E70-9EF8-AC48D9F6D13D}.Release|Win32.ActiveCfg = Release|Win32
		{2A553727-FC25-4E70-9EF8-AC48D9F6D13D}.Release|Win32.Build.0 = Release|Win32
		{664FD1F6-0067-4919-96A1-500B3954A200}.Debug|Win32.ActiveCfg = Debug|Win32
		{664FD1F6-0067-4919-96A1-500B3954A200}.Debug|Win32.Build.0 = Debug|Win32
		{664FD1F6-0067-4919-96A1-500B3954A200}.Release|Win32.ActiveCfg = Release|Win32
		{664FD1F6-0067-4919-96A1-500B3954A200}.Release|Win32.Build.0 = Release|Win32
		{233BD7E0-E61B-42BC-B52B-E1F4439C2AEA}.Debug|Win32.ActiveCfg = Debug|Win32
		{233BD7E0-E61B-42BC-B52B-E1F4439C2AEA}.Debug|Win32.Build.0 = Debug|Win32
		{233BD7E0-E61B-42BC-B52B-E1F4439C2AEA}.Release|Win32.ActiveCfg = Release|Win32
		{233BD7E0-E61B-42BC-B52B-E1F4439C2AEA}.Release|Win32.Build.0 = Release|Win32
		{5D880097-1C22-471C-BC1F-C3C689ABEDAA}.Debug|Win32.ActiveCfg = Debug|Win32
		{5D880097-1C22-471C-BC1F-C3C689ABEDAA}.Debug|Win32.Build.0 = Debug|Win32
		{5D880097-1C22-471C-BC1F-C3C689ABEDAA}.Release|Win32.ActiveCfg = Release|Win32
		{5D880097-1C22-471C-BC1F-C3C689ABEDAA}.Release|Win32.Build.0 = Release|Win32
		{FF34D337-1864-4533-9D4F-513CDE27BCCA}.Debug|Win32.ActiveCfg = Debug|Win32
		{FF34D337-1864-4533-9D4F-513CDE27BCCA}.Debug|Win32.Build.0 = Debug|Win32
		{FF34D337-1864-4533-9D4F-513CDE27BCCA}.Release|Win32.ActiveCfg = Release|Win32
		{FF34D337-1864-4533-9D4F-513CDE27BCCA}.Release|Win32.Build.0 = Release|Win32
		{2955B24C-73CC-43B6-BDC8-6E21B508A730}.Debug|Win32.ActiveCfg = Debug|Win32
		{2955B24C-73CC-43B6-BDC8-6E21B508A730}.Debug|Win32.Build.0 = Debug|Win32
		{2955B24C-73CC-43B6-BDC8-6E21B508A730}.Release|Win32.ActiveCfg = Release|Win32
		{2955B24C-73CC-43B6-BDC8-6E21B508A730}.Release|Win32.Build.0 = Release|Win32
	EndGlobalSection
	GlobalSection(SolutionProperties) = preSolution
		HideSolutionNode = FALSE
	EndGlobalSection
EndGlobal
